// !$*UTF8*$!
{
	archiveVersion = 1;
	classes = {
	};
	objectVersion = 56;
	objects = {

/* Begin PBXBuildFile section */
		3C1D637D2AEBDD60005869AC /* Speecher.swift in Sources */ = {isa = PBXBuildFile; fileRef = 3C1D637C2AEBDD60005869AC /* Speecher.swift */; };
		3C1D63832AECEBB7005869AC /* Diary.xcdatamodeld in Sources */ = {isa = PBXBuildFile; fileRef = 3C1D63812AECEBB7005869AC /* Diary.xcdatamodeld */; };
		3C1D63892AECED13005869AC /* CoreDataRepository.swift in Sources */ = {isa = PBXBuildFile; fileRef = 3C1D63882AECED13005869AC /* CoreDataRepository.swift */; };
		3C1D638B2AECFB43005869AC /* CoreDataUsecase.swift in Sources */ = {isa = PBXBuildFile; fileRef = 3C1D638A2AECFB43005869AC /* CoreDataUsecase.swift */; };
		3C1D638F2AED223D005869AC /* Diary+CoreDataClass.swift in Sources */ = {isa = PBXBuildFile; fileRef = 3C1D638D2AED223D005869AC /* Diary+CoreDataClass.swift */; };
		3C1D63902AED223D005869AC /* Diary+CoreDataProperties.swift in Sources */ = {isa = PBXBuildFile; fileRef = 3C1D638E2AED223D005869AC /* Diary+CoreDataProperties.swift */; };
		3C1D63932AED2FA8005869AC /* RequestDiaryData.swift in Sources */ = {isa = PBXBuildFile; fileRef = 3C1D63922AED2FA8005869AC /* RequestDiaryData.swift */; };
		3C459F732AEA1FE60082CF25 /* PaddingTextField.swift in Sources */ = {isa = PBXBuildFile; fileRef = 3C459F722AEA1FE60082CF25 /* PaddingTextField.swift */; };
		3C4BE8232B09B3BE00B484C9 /* DiarySaveAlertViewController.swift in Sources */ = {isa = PBXBuildFile; fileRef = 3C4BE8222B09B3BE00B484C9 /* DiarySaveAlertViewController.swift */; };
		3C4BE8252B09B3C600B484C9 /* DiarySaveAlertViewController.storyboard in Resources */ = {isa = PBXBuildFile; fileRef = 3C4BE8242B09B3C600B484C9 /* DiarySaveAlertViewController.storyboard */; };
		3C4BE8272B09D35100B484C9 /* TimeZone+DiaryEnglish.swift in Sources */ = {isa = PBXBuildFile; fileRef = 3C4BE8262B09D35100B484C9 /* TimeZone+DiaryEnglish.swift */; };
		3C4BE8292B09D39800B484C9 /* Locale+DiaryEnglish.swift in Sources */ = {isa = PBXBuildFile; fileRef = 3C4BE8282B09D39800B484C9 /* Locale+DiaryEnglish.swift */; };
		3C4BE82B2B09F56800B484C9 /* Calender+DiaryEnglish.swift in Sources */ = {isa = PBXBuildFile; fileRef = 3C4BE82A2B09F56800B484C9 /* Calender+DiaryEnglish.swift */; };
		3C690ECB2AE7DB5C00451294 /* DiaryContainerViewController.swift in Sources */ = {isa = PBXBuildFile; fileRef = 3C690ECA2AE7DB5C00451294 /* DiaryContainerViewController.swift */; };
		3C690ECD2AE7DB6F00451294 /* DiaryContainerViewController.storyboard in Resources */ = {isa = PBXBuildFile; fileRef = 3C690ECC2AE7DB6F00451294 /* DiaryContainerViewController.storyboard */; };
		3C690ECF2AE7DE3800451294 /* FooterView.swift in Sources */ = {isa = PBXBuildFile; fileRef = 3C690ECE2AE7DE3800451294 /* FooterView.swift */; };
		3C690ED12AE7DE4700451294 /* FooterView.xib in Resources */ = {isa = PBXBuildFile; fileRef = 3C690ED02AE7DE4700451294 /* FooterView.xib */; };
		3C690ED42AE934CA00451294 /* Tab.swift in Sources */ = {isa = PBXBuildFile; fileRef = 3C690ED32AE934CA00451294 /* Tab.swift */; };
		3C9EA1F02AD807B8007AC1FD /* DotLineView.swift in Sources */ = {isa = PBXBuildFile; fileRef = 3C9EA1EF2AD807B8007AC1FD /* DotLineView.swift */; };
		3C9EA2312AD812B5007AC1FD /* HeaderView.swift in Sources */ = {isa = PBXBuildFile; fileRef = 3C9EA2302AD812B5007AC1FD /* HeaderView.swift */; };
		3C9EA2332AD81340007AC1FD /* HeaderView.xib in Resources */ = {isa = PBXBuildFile; fileRef = 3C9EA2322AD81340007AC1FD /* HeaderView.xib */; };
		3C9EA2352AD81417007AC1FD /* UIView+DiaryEnglish.swift in Sources */ = {isa = PBXBuildFile; fileRef = 3C9EA2342AD81417007AC1FD /* UIView+DiaryEnglish.swift */; };
		3CA1C21C2ADBE18600DEC693 /* UIViewController+DiaryEnglish.swift in Sources */ = {isa = PBXBuildFile; fileRef = 3CA1C21B2ADBE18600DEC693 /* UIViewController+DiaryEnglish.swift */; };
		3CA1C21E2ADBFB7A00DEC693 /* String+DiaryEnglish.swift in Sources */ = {isa = PBXBuildFile; fileRef = 3CA1C21D2ADBFB7A00DEC693 /* String+DiaryEnglish.swift */; };
		3CB5A9872AE67A4A009616ED /* SwiftyDI in Frameworks */ = {isa = PBXBuildFile; productRef = 3CB5A9862AE67A4A009616ED /* SwiftyDI */; };
		3CB5A9892AE67AF6009616ED /* UserDefaultUsecase.swift in Sources */ = {isa = PBXBuildFile; fileRef = 3CB5A9882AE67AF6009616ED /* UserDefaultUsecase.swift */; };
		3CB5A98B2AE67B05009616ED /* UserDefaultRepository.swift in Sources */ = {isa = PBXBuildFile; fileRef = 3CB5A98A2AE67B05009616ED /* UserDefaultRepository.swift */; };
		3CB5A98D2AE67BD7009616ED /* UserDefaults+DiaryEnglish.swift in Sources */ = {isa = PBXBuildFile; fileRef = 3CB5A98C2AE67BD7009616ED /* UserDefaults+DiaryEnglish.swift */; };
		3CC390D62AD56822007897EB /* UIStoryboard+DiaryEnglish.swift in Sources */ = {isa = PBXBuildFile; fileRef = 3CC390D52AD56822007897EB /* UIStoryboard+DiaryEnglish.swift */; };
		3CC390D92AD5694A007897EB /* NoDataTableViewCell.swift in Sources */ = {isa = PBXBuildFile; fileRef = 3CC390D72AD5694A007897EB /* NoDataTableViewCell.swift */; };
		3CC390DA2AD5694A007897EB /* NoDataTableViewCell.xib in Resources */ = {isa = PBXBuildFile; fileRef = 3CC390D82AD5694A007897EB /* NoDataTableViewCell.xib */; };
		3CC390DE2AD56A54007897EB /* Lottie in Frameworks */ = {isa = PBXBuildFile; productRef = 3CC390DD2AD56A54007897EB /* Lottie */; };
		3CC390E02AD56AAF007897EB /* BackgroundAnimationManager.swift in Sources */ = {isa = PBXBuildFile; fileRef = 3CC390DF2AD56AAF007897EB /* BackgroundAnimationManager.swift */; };
		3CC390E42AD5751C007897EB /* spring_animation.json in Resources */ = {isa = PBXBuildFile; fileRef = 3CC390E32AD5751C007897EB /* spring_animation.json */; };
		3CCA917E2AD18A6600E6CC28 /* AppDelegate.swift in Sources */ = {isa = PBXBuildFile; fileRef = 3CCA917D2AD18A6600E6CC28 /* AppDelegate.swift */; };
		3CCA91802AD18A6600E6CC28 /* SceneDelegate.swift in Sources */ = {isa = PBXBuildFile; fileRef = 3CCA917F2AD18A6600E6CC28 /* SceneDelegate.swift */; };
		3CCA91872AD18A6700E6CC28 /* Assets.xcassets in Resources */ = {isa = PBXBuildFile; fileRef = 3CCA91862AD18A6700E6CC28 /* Assets.xcassets */; };
		3CCA918A2AD18A6700E6CC28 /* LaunchScreen.storyboard in Resources */ = {isa = PBXBuildFile; fileRef = 3CCA91882AD18A6700E6CC28 /* LaunchScreen.storyboard */; };
		3CCA91BC2AD18CF700E6CC28 /* DiaryListViewController.swift in Sources */ = {isa = PBXBuildFile; fileRef = 3CCA91BB2AD18CF700E6CC28 /* DiaryListViewController.swift */; };
		3CCA91BE2AD18CFC00E6CC28 /* DiaryListViewController.storyboard in Resources */ = {isa = PBXBuildFile; fileRef = 3CCA91BD2AD18CFC00E6CC28 /* DiaryListViewController.storyboard */; };
		3CCA91C02AD18D0B00E6CC28 /* DiaryEditViewController.swift in Sources */ = {isa = PBXBuildFile; fileRef = 3CCA91BF2AD18D0B00E6CC28 /* DiaryEditViewController.swift */; };
		3CCA91C22AD18D1100E6CC28 /* DiaryEditViewController.storyboard in Resources */ = {isa = PBXBuildFile; fileRef = 3CCA91C12AD18D1100E6CC28 /* DiaryEditViewController.storyboard */; };
		3CCA91C42AD18D2000E6CC28 /* SettingViewController.swift in Sources */ = {isa = PBXBuildFile; fileRef = 3CCA91C32AD18D2000E6CC28 /* SettingViewController.swift */; };
		3CCA91C62AD18D2600E6CC28 /* SettingViewController.storyboard in Resources */ = {isa = PBXBuildFile; fileRef = 3CCA91C52AD18D2600E6CC28 /* SettingViewController.storyboard */; };
		3CCA920B2AD4016900E6CC28 /* Season.swift in Sources */ = {isa = PBXBuildFile; fileRef = 3CCA920A2AD4016900E6CC28 /* Season.swift */; };
		3CCA920E2AD4066600E6CC28 /* winter_animation.json in Resources */ = {isa = PBXBuildFile; fileRef = 3CCA920D2AD4066600E6CC28 /* winter_animation.json */; };
		3CCA92102AD4066E00E6CC28 /* fall_animation.json in Resources */ = {isa = PBXBuildFile; fileRef = 3CCA920F2AD4066E00E6CC28 /* fall_animation.json */; };
		3CCA92142AD40D9F00E6CC28 /* summer_animation.json in Resources */ = {isa = PBXBuildFile; fileRef = 3CCA92132AD40D9F00E6CC28 /* summer_animation.json */; };
		3CCA92182AD4143C00E6CC28 /* DiaryListTableViewCell.swift in Sources */ = {isa = PBXBuildFile; fileRef = 3CCA92162AD4143C00E6CC28 /* DiaryListTableViewCell.swift */; };
		3CCA92192AD4143C00E6CC28 /* DiaryListTableViewCell.xib in Resources */ = {isa = PBXBuildFile; fileRef = 3CCA92172AD4143C00E6CC28 /* DiaryListTableViewCell.xib */; };
		3CCA921B2AD4255C00E6CC28 /* UITableView+DiaryEnglish.swift in Sources */ = {isa = PBXBuildFile; fileRef = 3CCA921A2AD4255C00E6CC28 /* UITableView+DiaryEnglish.swift */; };
/* End PBXBuildFile section */

/* Begin PBXContainerItemProxy section */
		3CCA91912AD18A6800E6CC28 /* PBXContainerItemProxy */ = {
			isa = PBXContainerItemProxy;
			containerPortal = 3CCA91722AD18A6600E6CC28 /* Project object */;
			proxyType = 1;
			remoteGlobalIDString = 3CCA91792AD18A6600E6CC28;
			remoteInfo = DiaryEnglish_iOS;
		};
		3CCA919B2AD18A6800E6CC28 /* PBXContainerItemProxy */ = {
			isa = PBXContainerItemProxy;
			containerPortal = 3CCA91722AD18A6600E6CC28 /* Project object */;
			proxyType = 1;
			remoteGlobalIDString = 3CCA91792AD18A6600E6CC28;
			remoteInfo = DiaryEnglish_iOS;
		};
/* End PBXContainerItemProxy section */

/* Begin PBXFileReference section */
		3C1D637C2AEBDD60005869AC /* Speecher.swift */ = {isa = PBXFileReference; lastKnownFileType = sourcecode.swift; path = Speecher.swift; sourceTree = "<group>"; };
		3C1D63822AECEBB7005869AC /* Diary.xcdatamodel */ = {isa = PBXFileReference; lastKnownFileType = wrapper.xcdatamodel; path = Diary.xcdatamodel; sourceTree = "<group>"; };
		3C1D63882AECED13005869AC /* CoreDataRepository.swift */ = {isa = PBXFileReference; lastKnownFileType = sourcecode.swift; path = CoreDataRepository.swift; sourceTree = "<group>"; };
		3C1D638A2AECFB43005869AC /* CoreDataUsecase.swift */ = {isa = PBXFileReference; lastKnownFileType = sourcecode.swift; path = CoreDataUsecase.swift; sourceTree = "<group>"; };
		3C1D638D2AED223D005869AC /* Diary+CoreDataClass.swift */ = {isa = PBXFileReference; lastKnownFileType = sourcecode.swift; path = "Diary+CoreDataClass.swift"; sourceTree = "<group>"; };
		3C1D638E2AED223D005869AC /* Diary+CoreDataProperties.swift */ = {isa = PBXFileReference; lastKnownFileType = sourcecode.swift; path = "Diary+CoreDataProperties.swift"; sourceTree = "<group>"; };
		3C1D63922AED2FA8005869AC /* RequestDiaryData.swift */ = {isa = PBXFileReference; lastKnownFileType = sourcecode.swift; path = RequestDiaryData.swift; sourceTree = "<group>"; };
		3C459F722AEA1FE60082CF25 /* PaddingTextField.swift */ = {isa = PBXFileReference; lastKnownFileType = sourcecode.swift; path = PaddingTextField.swift; sourceTree = "<group>"; };
		3C4BE8222B09B3BE00B484C9 /* DiarySaveAlertViewController.swift */ = {isa = PBXFileReference; lastKnownFileType = sourcecode.swift; path = DiarySaveAlertViewController.swift; sourceTree = "<group>"; };
		3C4BE8242B09B3C600B484C9 /* DiarySaveAlertViewController.storyboard */ = {isa = PBXFileReference; lastKnownFileType = file.storyboard; path = DiarySaveAlertViewController.storyboard; sourceTree = "<group>"; };
		3C4BE8262B09D35100B484C9 /* TimeZone+DiaryEnglish.swift */ = {isa = PBXFileReference; lastKnownFileType = sourcecode.swift; path = "TimeZone+DiaryEnglish.swift"; sourceTree = "<group>"; };
		3C4BE8282B09D39800B484C9 /* Locale+DiaryEnglish.swift */ = {isa = PBXFileReference; lastKnownFileType = sourcecode.swift; path = "Locale+DiaryEnglish.swift"; sourceTree = "<group>"; };
		3C4BE82A2B09F56800B484C9 /* Calender+DiaryEnglish.swift */ = {isa = PBXFileReference; lastKnownFileType = sourcecode.swift; path = "Calender+DiaryEnglish.swift"; sourceTree = "<group>"; };
		3C690ECA2AE7DB5C00451294 /* DiaryContainerViewController.swift */ = {isa = PBXFileReference; lastKnownFileType = sourcecode.swift; path = DiaryContainerViewController.swift; sourceTree = "<group>"; };
		3C690ECC2AE7DB6F00451294 /* DiaryContainerViewController.storyboard */ = {isa = PBXFileReference; lastKnownFileType = file.storyboard; path = DiaryContainerViewController.storyboard; sourceTree = "<group>"; };
		3C690ECE2AE7DE3800451294 /* FooterView.swift */ = {isa = PBXFileReference; lastKnownFileType = sourcecode.swift; path = FooterView.swift; sourceTree = "<group>"; };
		3C690ED02AE7DE4700451294 /* FooterView.xib */ = {isa = PBXFileReference; lastKnownFileType = file.xib; path = FooterView.xib; sourceTree = "<group>"; };
		3C690ED32AE934CA00451294 /* Tab.swift */ = {isa = PBXFileReference; lastKnownFileType = sourcecode.swift; path = Tab.swift; sourceTree = "<group>"; };
		3C9EA1EF2AD807B8007AC1FD /* DotLineView.swift */ = {isa = PBXFileReference; lastKnownFileType = sourcecode.swift; path = DotLineView.swift; sourceTree = "<group>"; };
		3C9EA2302AD812B5007AC1FD /* HeaderView.swift */ = {isa = PBXFileReference; lastKnownFileType = sourcecode.swift; path = HeaderView.swift; sourceTree = "<group>"; };
		3C9EA2322AD81340007AC1FD /* HeaderView.xib */ = {isa = PBXFileReference; lastKnownFileType = file.xib; path = HeaderView.xib; sourceTree = "<group>"; };
		3C9EA2342AD81417007AC1FD /* UIView+DiaryEnglish.swift */ = {isa = PBXFileReference; lastKnownFileType = sourcecode.swift; path = "UIView+DiaryEnglish.swift"; sourceTree = "<group>"; };
		3CA1C21B2ADBE18600DEC693 /* UIViewController+DiaryEnglish.swift */ = {isa = PBXFileReference; lastKnownFileType = sourcecode.swift; path = "UIViewController+DiaryEnglish.swift"; sourceTree = "<group>"; };
		3CA1C21D2ADBFB7A00DEC693 /* String+DiaryEnglish.swift */ = {isa = PBXFileReference; lastKnownFileType = sourcecode.swift; path = "String+DiaryEnglish.swift"; sourceTree = "<group>"; };
		3CB5A9882AE67AF6009616ED /* UserDefaultUsecase.swift */ = {isa = PBXFileReference; lastKnownFileType = sourcecode.swift; path = UserDefaultUsecase.swift; sourceTree = "<group>"; };
		3CB5A98A2AE67B05009616ED /* UserDefaultRepository.swift */ = {isa = PBXFileReference; lastKnownFileType = sourcecode.swift; path = UserDefaultRepository.swift; sourceTree = "<group>"; };
		3CB5A98C2AE67BD7009616ED /* UserDefaults+DiaryEnglish.swift */ = {isa = PBXFileReference; lastKnownFileType = sourcecode.swift; path = "UserDefaults+DiaryEnglish.swift"; sourceTree = "<group>"; };
		3CC390D52AD56822007897EB /* UIStoryboard+DiaryEnglish.swift */ = {isa = PBXFileReference; lastKnownFileType = sourcecode.swift; path = "UIStoryboard+DiaryEnglish.swift"; sourceTree = "<group>"; };
		3CC390D72AD5694A007897EB /* NoDataTableViewCell.swift */ = {isa = PBXFileReference; lastKnownFileType = sourcecode.swift; path = NoDataTableViewCell.swift; sourceTree = "<group>"; };
		3CC390D82AD5694A007897EB /* NoDataTableViewCell.xib */ = {isa = PBXFileReference; lastKnownFileType = file.xib; path = NoDataTableViewCell.xib; sourceTree = "<group>"; };
		3CC390DF2AD56AAF007897EB /* BackgroundAnimationManager.swift */ = {isa = PBXFileReference; lastKnownFileType = sourcecode.swift; path = BackgroundAnimationManager.swift; sourceTree = "<group>"; };
		3CC390E32AD5751C007897EB /* spring_animation.json */ = {isa = PBXFileReference; fileEncoding = 4; lastKnownFileType = text.json; path = spring_animation.json; sourceTree = "<group>"; };
		3CCA917A2AD18A6600E6CC28 /* DiaryEnglish_iOS.app */ = {isa = PBXFileReference; explicitFileType = wrapper.application; includeInIndex = 0; path = DiaryEnglish_iOS.app; sourceTree = BUILT_PRODUCTS_DIR; };
		3CCA917D2AD18A6600E6CC28 /* AppDelegate.swift */ = {isa = PBXFileReference; lastKnownFileType = sourcecode.swift; path = AppDelegate.swift; sourceTree = "<group>"; };
		3CCA917F2AD18A6600E6CC28 /* SceneDelegate.swift */ = {isa = PBXFileReference; lastKnownFileType = sourcecode.swift; path = SceneDelegate.swift; sourceTree = "<group>"; };
		3CCA91862AD18A6700E6CC28 /* Assets.xcassets */ = {isa = PBXFileReference; lastKnownFileType = folder.assetcatalog; path = Assets.xcassets; sourceTree = "<group>"; };
		3CCA91892AD18A6700E6CC28 /* Base */ = {isa = PBXFileReference; lastKnownFileType = file.storyboard; name = Base; path = Base.lproj/LaunchScreen.storyboard; sourceTree = "<group>"; };
		3CCA918B2AD18A6700E6CC28 /* Info.plist */ = {isa = PBXFileReference; lastKnownFileType = text.plist.xml; path = Info.plist; sourceTree = "<group>"; };
		3CCA91902AD18A6800E6CC28 /* DiaryEnglish_iOSTests.xctest */ = {isa = PBXFileReference; explicitFileType = wrapper.cfbundle; includeInIndex = 0; path = DiaryEnglish_iOSTests.xctest; sourceTree = BUILT_PRODUCTS_DIR; };
		3CCA919A2AD18A6800E6CC28 /* DiaryEnglish_iOSUITests.xctest */ = {isa = PBXFileReference; explicitFileType = wrapper.cfbundle; includeInIndex = 0; path = DiaryEnglish_iOSUITests.xctest; sourceTree = BUILT_PRODUCTS_DIR; };
		3CCA91BB2AD18CF700E6CC28 /* DiaryListViewController.swift */ = {isa = PBXFileReference; lastKnownFileType = sourcecode.swift; path = DiaryListViewController.swift; sourceTree = "<group>"; };
		3CCA91BD2AD18CFC00E6CC28 /* DiaryListViewController.storyboard */ = {isa = PBXFileReference; lastKnownFileType = file.storyboard; path = DiaryListViewController.storyboard; sourceTree = "<group>"; };
		3CCA91BF2AD18D0B00E6CC28 /* DiaryEditViewController.swift */ = {isa = PBXFileReference; lastKnownFileType = sourcecode.swift; path = DiaryEditViewController.swift; sourceTree = "<group>"; };
		3CCA91C12AD18D1100E6CC28 /* DiaryEditViewController.storyboard */ = {isa = PBXFileReference; lastKnownFileType = file.storyboard; path = DiaryEditViewController.storyboard; sourceTree = "<group>"; };
		3CCA91C32AD18D2000E6CC28 /* SettingViewController.swift */ = {isa = PBXFileReference; lastKnownFileType = sourcecode.swift; path = SettingViewController.swift; sourceTree = "<group>"; };
		3CCA91C52AD18D2600E6CC28 /* SettingViewController.storyboard */ = {isa = PBXFileReference; lastKnownFileType = file.storyboard; path = SettingViewController.storyboard; sourceTree = "<group>"; };
		3CCA920A2AD4016900E6CC28 /* Season.swift */ = {isa = PBXFileReference; lastKnownFileType = sourcecode.swift; path = Season.swift; sourceTree = "<group>"; };
		3CCA920D2AD4066600E6CC28 /* winter_animation.json */ = {isa = PBXFileReference; fileEncoding = 4; lastKnownFileType = text.json; path = winter_animation.json; sourceTree = "<group>"; };
		3CCA920F2AD4066E00E6CC28 /* fall_animation.json */ = {isa = PBXFileReference; fileEncoding = 4; lastKnownFileType = text.json; path = fall_animation.json; sourceTree = "<group>"; };
		3CCA92132AD40D9F00E6CC28 /* summer_animation.json */ = {isa = PBXFileReference; fileEncoding = 4; lastKnownFileType = text.json; path = summer_animation.json; sourceTree = "<group>"; };
		3CCA92162AD4143C00E6CC28 /* DiaryListTableViewCell.swift */ = {isa = PBXFileReference; lastKnownFileType = sourcecode.swift; path = DiaryListTableViewCell.swift; sourceTree = "<group>"; };
		3CCA92172AD4143C00E6CC28 /* DiaryListTableViewCell.xib */ = {isa = PBXFileReference; lastKnownFileType = file.xib; path = DiaryListTableViewCell.xib; sourceTree = "<group>"; };
		3CCA921A2AD4255C00E6CC28 /* UITableView+DiaryEnglish.swift */ = {isa = PBXFileReference; lastKnownFileType = sourcecode.swift; path = "UITableView+DiaryEnglish.swift"; sourceTree = "<group>"; };
		3CE2C7602B0B7B6D00754BFE /* DiaryEnglish_iOS.entitlements */ = {isa = PBXFileReference; lastKnownFileType = text.plist.entitlements; path = DiaryEnglish_iOS.entitlements; sourceTree = "<group>"; };
/* End PBXFileReference section */

/* Begin PBXFrameworksBuildPhase section */
		3CCA91772AD18A6600E6CC28 /* Frameworks */ = {
			isa = PBXFrameworksBuildPhase;
			buildActionMask = 2147483647;
			files = (
				3CC390DE2AD56A54007897EB /* Lottie in Frameworks */,
				3CB5A9872AE67A4A009616ED /* SwiftyDI in Frameworks */,
			);
			runOnlyForDeploymentPostprocessing = 0;
		};
		3CCA918D2AD18A6800E6CC28 /* Frameworks */ = {
			isa = PBXFrameworksBuildPhase;
			buildActionMask = 2147483647;
			files = (
			);
			runOnlyForDeploymentPostprocessing = 0;
		};
		3CCA91972AD18A6800E6CC28 /* Frameworks */ = {
			isa = PBXFrameworksBuildPhase;
			buildActionMask = 2147483647;
			files = (
			);
			runOnlyForDeploymentPostprocessing = 0;
		};
/* End PBXFrameworksBuildPhase section */

/* Begin PBXGroup section */
		3C1D63912AED2F8F005869AC /* entities */ = {
			isa = PBXGroup;
			children = (
				3C1D63922AED2FA8005869AC /* RequestDiaryData.swift */,
			);
			path = entities;
			sourceTree = "<group>";
		};
		3C459F712AEA1FCC0082CF25 /* custom */ = {
			isa = PBXGroup;
			children = (
				3C459F722AEA1FE60082CF25 /* PaddingTextField.swift */,
			);
			path = custom;
			sourceTree = "<group>";
		};
		3C9EA22F2AD8129C007AC1FD /* common */ = {
			isa = PBXGroup;
			children = (
				3C9EA2302AD812B5007AC1FD /* HeaderView.swift */,
				3C9EA2322AD81340007AC1FD /* HeaderView.xib */,
				3C690ECE2AE7DE3800451294 /* FooterView.swift */,
				3C690ED02AE7DE4700451294 /* FooterView.xib */,
			);
			path = common;
			sourceTree = "<group>";
		};
		3CB5A9832AE6790C009616ED /* repositories */ = {
			isa = PBXGroup;
			children = (
				3CB5A98A2AE67B05009616ED /* UserDefaultRepository.swift */,
				3C1D63882AECED13005869AC /* CoreDataRepository.swift */,
			);
			path = repositories;
			sourceTree = "<group>";
		};
		3CB5A9842AE67914009616ED /* usecases */ = {
			isa = PBXGroup;
			children = (
				3CB5A9882AE67AF6009616ED /* UserDefaultUsecase.swift */,
				3C1D638A2AECFB43005869AC /* CoreDataUsecase.swift */,
			);
			path = usecases;
			sourceTree = "<group>";
		};
		3CC390DB2AD56A1C007897EB /* utils */ = {
			isa = PBXGroup;
			children = (
				3CC390DF2AD56AAF007897EB /* BackgroundAnimationManager.swift */,
				3C9EA1EF2AD807B8007AC1FD /* DotLineView.swift */,
				3C1D637C2AEBDD60005869AC /* Speecher.swift */,
			);
			path = utils;
			sourceTree = "<group>";
		};
		3CCA91712AD18A6600E6CC28 = {
			isa = PBXGroup;
			children = (
				3C1D638D2AED223D005869AC /* Diary+CoreDataClass.swift */,
				3C1D638E2AED223D005869AC /* Diary+CoreDataProperties.swift */,
				3CCA917C2AD18A6600E6CC28 /* DiaryEnglish_iOS */,
				3CCA917B2AD18A6600E6CC28 /* Products */,
			);
			sourceTree = "<group>";
		};
		3CCA917B2AD18A6600E6CC28 /* Products */ = {
			isa = PBXGroup;
			children = (
				3CCA917A2AD18A6600E6CC28 /* DiaryEnglish_iOS.app */,
				3CCA91902AD18A6800E6CC28 /* DiaryEnglish_iOSTests.xctest */,
				3CCA919A2AD18A6800E6CC28 /* DiaryEnglish_iOSUITests.xctest */,
			);
			name = Products;
			sourceTree = "<group>";
		};
		3CCA917C2AD18A6600E6CC28 /* DiaryEnglish_iOS */ = {
			isa = PBXGroup;
			children = (
				3CE2C7602B0B7B6D00754BFE /* DiaryEnglish_iOS.entitlements */,
				3CCA917D2AD18A6600E6CC28 /* AppDelegate.swift */,
				3CCA917F2AD18A6600E6CC28 /* SceneDelegate.swift */,
				3C1D63812AECEBB7005869AC /* Diary.xcdatamodeld */,
				3CB5A9832AE6790C009616ED /* repositories */,
				3CB5A9842AE67914009616ED /* usecases */,
				3CC390DB2AD56A1C007897EB /* utils */,
				3CCA92152AD4142100E6CC28 /* views */,
				3CCA92092AD4014800E6CC28 /* enums */,
				3CCA92082AD4013300E6CC28 /* extensions */,
				3CCA91BA2AD18CE900E6CC28 /* viewControllers */,
				3C1D63912AED2F8F005869AC /* entities */,
				3CCA920C2AD4019600E6CC28 /* animations */,
				3CCA91862AD18A6700E6CC28 /* Assets.xcassets */,
				3CCA91882AD18A6700E6CC28 /* LaunchScreen.storyboard */,
				3CCA918B2AD18A6700E6CC28 /* Info.plist */,
			);
			path = DiaryEnglish_iOS;
			sourceTree = "<group>";
		};
		3CCA91BA2AD18CE900E6CC28 /* viewControllers */ = {
			isa = PBXGroup;
			children = (
				3C690ECA2AE7DB5C00451294 /* DiaryContainerViewController.swift */,
				3C690ECC2AE7DB6F00451294 /* DiaryContainerViewController.storyboard */,
				3CCA91BB2AD18CF700E6CC28 /* DiaryListViewController.swift */,
				3CCA91BD2AD18CFC00E6CC28 /* DiaryListViewController.storyboard */,
				3CCA91BF2AD18D0B00E6CC28 /* DiaryEditViewController.swift */,
				3CCA91C12AD18D1100E6CC28 /* DiaryEditViewController.storyboard */,
				3CCA91C32AD18D2000E6CC28 /* SettingViewController.swift */,
				3CCA91C52AD18D2600E6CC28 /* SettingViewController.storyboard */,
				3C4BE8222B09B3BE00B484C9 /* DiarySaveAlertViewController.swift */,
				3C4BE8242B09B3C600B484C9 /* DiarySaveAlertViewController.storyboard */,
			);
			path = viewControllers;
			sourceTree = "<group>";
		};
		3CCA92082AD4013300E6CC28 /* extensions */ = {
			isa = PBXGroup;
			children = (
				3CCA921A2AD4255C00E6CC28 /* UITableView+DiaryEnglish.swift */,
				3CC390D52AD56822007897EB /* UIStoryboard+DiaryEnglish.swift */,
				3C9EA2342AD81417007AC1FD /* UIView+DiaryEnglish.swift */,
				3CA1C21B2ADBE18600DEC693 /* UIViewController+DiaryEnglish.swift */,
				3CA1C21D2ADBFB7A00DEC693 /* String+DiaryEnglish.swift */,
				3CB5A98C2AE67BD7009616ED /* UserDefaults+DiaryEnglish.swift */,
				3C4BE8262B09D35100B484C9 /* TimeZone+DiaryEnglish.swift */,
				3C4BE8282B09D39800B484C9 /* Locale+DiaryEnglish.swift */,
				3C4BE82A2B09F56800B484C9 /* Calender+DiaryEnglish.swift */,
			);
			path = extensions;
			sourceTree = "<group>";
		};
		3CCA92092AD4014800E6CC28 /* enums */ = {
			isa = PBXGroup;
			children = (
				3CCA920A2AD4016900E6CC28 /* Season.swift */,
				3C690ED32AE934CA00451294 /* Tab.swift */,
			);
			path = enums;
			sourceTree = "<group>";
		};
		3CCA920C2AD4019600E6CC28 /* animations */ = {
			isa = PBXGroup;
			children = (
				3CC390E32AD5751C007897EB /* spring_animation.json */,
				3CCA92132AD40D9F00E6CC28 /* summer_animation.json */,
				3CCA920D2AD4066600E6CC28 /* winter_animation.json */,
				3CCA920F2AD4066E00E6CC28 /* fall_animation.json */,
			);
			path = animations;
			sourceTree = "<group>";
		};
		3CCA92152AD4142100E6CC28 /* views */ = {
			isa = PBXGroup;
			children = (
				3C459F712AEA1FCC0082CF25 /* custom */,
				3C9EA22F2AD8129C007AC1FD /* common */,
				3CCA92162AD4143C00E6CC28 /* DiaryListTableViewCell.swift */,
				3CCA92172AD4143C00E6CC28 /* DiaryListTableViewCell.xib */,
				3CC390D72AD5694A007897EB /* NoDataTableViewCell.swift */,
				3CC390D82AD5694A007897EB /* NoDataTableViewCell.xib */,
			);
			path = views;
			sourceTree = "<group>";
		};
/* End PBXGroup section */

/* Begin PBXNativeTarget section */
		3CCA91792AD18A6600E6CC28 /* DiaryEnglish_iOS */ = {
			isa = PBXNativeTarget;
			buildConfigurationList = 3CCA91A42AD18A6800E6CC28 /* Build configuration list for PBXNativeTarget "DiaryEnglish_iOS" */;
			buildPhases = (
				3CCA91762AD18A6600E6CC28 /* Sources */,
				3CCA91772AD18A6600E6CC28 /* Frameworks */,
				3CCA91782AD18A6600E6CC28 /* Resources */,
			);
			buildRules = (
			);
			dependencies = (
			);
			name = DiaryEnglish_iOS;
			packageProductDependencies = (
				3CC390DD2AD56A54007897EB /* Lottie */,
				3CB5A9862AE67A4A009616ED /* SwiftyDI */,
			);
			productName = DiaryEnglish_iOS;
			productReference = 3CCA917A2AD18A6600E6CC28 /* DiaryEnglish_iOS.app */;
			productType = "com.apple.product-type.application";
		};
		3CCA918F2AD18A6800E6CC28 /* DiaryEnglish_iOSTests */ = {
			isa = PBXNativeTarget;
			buildConfigurationList = 3CCA91A72AD18A6800E6CC28 /* Build configuration list for PBXNativeTarget "DiaryEnglish_iOSTests" */;
			buildPhases = (
				3CCA918C2AD18A6800E6CC28 /* Sources */,
				3CCA918D2AD18A6800E6CC28 /* Frameworks */,
				3CCA918E2AD18A6800E6CC28 /* Resources */,
			);
			buildRules = (
			);
			dependencies = (
				3CCA91922AD18A6800E6CC28 /* PBXTargetDependency */,
			);
			name = DiaryEnglish_iOSTests;
			productName = DiaryEnglish_iOSTests;
			productReference = 3CCA91902AD18A6800E6CC28 /* DiaryEnglish_iOSTests.xctest */;
			productType = "com.apple.product-type.bundle.unit-test";
		};
		3CCA91992AD18A6800E6CC28 /* DiaryEnglish_iOSUITests */ = {
			isa = PBXNativeTarget;
			buildConfigurationList = 3CCA91AA2AD18A6800E6CC28 /* Build configuration list for PBXNativeTarget "DiaryEnglish_iOSUITests" */;
			buildPhases = (
				3CCA91962AD18A6800E6CC28 /* Sources */,
				3CCA91972AD18A6800E6CC28 /* Frameworks */,
				3CCA91982AD18A6800E6CC28 /* Resources */,
			);
			buildRules = (
			);
			dependencies = (
				3CCA919C2AD18A6800E6CC28 /* PBXTargetDependency */,
			);
			name = DiaryEnglish_iOSUITests;
			productName = DiaryEnglish_iOSUITests;
			productReference = 3CCA919A2AD18A6800E6CC28 /* DiaryEnglish_iOSUITests.xctest */;
			productType = "com.apple.product-type.bundle.ui-testing";
		};
/* End PBXNativeTarget section */

/* Begin PBXProject section */
		3CCA91722AD18A6600E6CC28 /* Project object */ = {
			isa = PBXProject;
			attributes = {
				BuildIndependentTargetsInParallel = 1;
				LastSwiftUpdateCheck = 1500;
				LastUpgradeCheck = 1500;
				TargetAttributes = {
					3CCA91792AD18A6600E6CC28 = {
						CreatedOnToolsVersion = 15.0;
					};
					3CCA918F2AD18A6800E6CC28 = {
						CreatedOnToolsVersion = 15.0;
						TestTargetID = 3CCA91792AD18A6600E6CC28;
					};
					3CCA91992AD18A6800E6CC28 = {
						CreatedOnToolsVersion = 15.0;
						TestTargetID = 3CCA91792AD18A6600E6CC28;
					};
				};
			};
			buildConfigurationList = 3CCA91752AD18A6600E6CC28 /* Build configuration list for PBXProject "DiaryEnglish_iOS" */;
			compatibilityVersion = "Xcode 14.0";
			developmentRegion = en;
			hasScannedForEncodings = 0;
			knownRegions = (
				en,
				Base,
			);
			mainGroup = 3CCA91712AD18A6600E6CC28;
			packageReferences = (
				3CC390DC2AD56A54007897EB /* XCRemoteSwiftPackageReference "lottie-ios" */,
				3CB5A9852AE67A4A009616ED /* XCRemoteSwiftPackageReference "SwiftyDI" */,
			);
			productRefGroup = 3CCA917B2AD18A6600E6CC28 /* Products */;
			projectDirPath = "";
			projectRoot = "";
			targets = (
				3CCA91792AD18A6600E6CC28 /* DiaryEnglish_iOS */,
				3CCA918F2AD18A6800E6CC28 /* DiaryEnglish_iOSTests */,
				3CCA91992AD18A6800E6CC28 /* DiaryEnglish_iOSUITests */,
			);
		};
/* End PBXProject section */

/* Begin PBXResourcesBuildPhase section */
		3CCA91782AD18A6600E6CC28 /* Resources */ = {
			isa = PBXResourcesBuildPhase;
			buildActionMask = 2147483647;
			files = (
				3CCA91C62AD18D2600E6CC28 /* SettingViewController.storyboard in Resources */,
				3CC390E42AD5751C007897EB /* spring_animation.json in Resources */,
				3CCA92102AD4066E00E6CC28 /* fall_animation.json in Resources */,
				3C9EA2332AD81340007AC1FD /* HeaderView.xib in Resources */,
				3CCA920E2AD4066600E6CC28 /* winter_animation.json in Resources */,
				3C690ECD2AE7DB6F00451294 /* DiaryContainerViewController.storyboard in Resources */,
				3CCA92142AD40D9F00E6CC28 /* summer_animation.json in Resources */,
				3C690ED12AE7DE4700451294 /* FooterView.xib in Resources */,
				3CCA918A2AD18A6700E6CC28 /* LaunchScreen.storyboard in Resources */,
				3CCA92192AD4143C00E6CC28 /* DiaryListTableViewCell.xib in Resources */,
				3CC390DA2AD5694A007897EB /* NoDataTableViewCell.xib in Resources */,
				3CCA91C22AD18D1100E6CC28 /* DiaryEditViewController.storyboard in Resources */,
				3CCA91BE2AD18CFC00E6CC28 /* DiaryListViewController.storyboard in Resources */,
				3C4BE8252B09B3C600B484C9 /* DiarySaveAlertViewController.storyboard in Resources */,
				3CCA91872AD18A6700E6CC28 /* Assets.xcassets in Resources */,
			);
			runOnlyForDeploymentPostprocessing = 0;
		};
		3CCA918E2AD18A6800E6CC28 /* Resources */ = {
			isa = PBXResourcesBuildPhase;
			buildActionMask = 2147483647;
			files = (
			);
			runOnlyForDeploymentPostprocessing = 0;
		};
		3CCA91982AD18A6800E6CC28 /* Resources */ = {
			isa = PBXResourcesBuildPhase;
			buildActionMask = 2147483647;
			files = (
			);
			runOnlyForDeploymentPostprocessing = 0;
		};
/* End PBXResourcesBuildPhase section */

/* Begin PBXSourcesBuildPhase section */
		3CCA91762AD18A6600E6CC28 /* Sources */ = {
			isa = PBXSourcesBuildPhase;
			buildActionMask = 2147483647;
			files = (
				3CC390D92AD5694A007897EB /* NoDataTableViewCell.swift in Sources */,
				3C459F732AEA1FE60082CF25 /* PaddingTextField.swift in Sources */,
				3C4BE8292B09D39800B484C9 /* Locale+DiaryEnglish.swift in Sources */,
				3CA1C21C2ADBE18600DEC693 /* UIViewController+DiaryEnglish.swift in Sources */,
				3CC390D62AD56822007897EB /* UIStoryboard+DiaryEnglish.swift in Sources */,
				3CB5A98D2AE67BD7009616ED /* UserDefaults+DiaryEnglish.swift in Sources */,
				3CC390E02AD56AAF007897EB /* BackgroundAnimationManager.swift in Sources */,
				3CCA921B2AD4255C00E6CC28 /* UITableView+DiaryEnglish.swift in Sources */,
				3C1D637D2AEBDD60005869AC /* Speecher.swift in Sources */,
				3C1D638B2AECFB43005869AC /* CoreDataUsecase.swift in Sources */,
				3CCA91BC2AD18CF700E6CC28 /* DiaryListViewController.swift in Sources */,
				3CB5A9892AE67AF6009616ED /* UserDefaultUsecase.swift in Sources */,
				3CCA917E2AD18A6600E6CC28 /* AppDelegate.swift in Sources */,
				3C690ECB2AE7DB5C00451294 /* DiaryContainerViewController.swift in Sources */,
				3CB5A98B2AE67B05009616ED /* UserDefaultRepository.swift in Sources */,
				3CCA91802AD18A6600E6CC28 /* SceneDelegate.swift in Sources */,
				3C4BE8272B09D35100B484C9 /* TimeZone+DiaryEnglish.swift in Sources */,
				3C1D63902AED223D005869AC /* Diary+CoreDataProperties.swift in Sources */,
				3CCA91C02AD18D0B00E6CC28 /* DiaryEditViewController.swift in Sources */,
				3C1D63832AECEBB7005869AC /* Diary.xcdatamodeld in Sources */,
				3CCA92182AD4143C00E6CC28 /* DiaryListTableViewCell.swift in Sources */,
				3C9EA2352AD81417007AC1FD /* UIView+DiaryEnglish.swift in Sources */,
				3C4BE82B2B09F56800B484C9 /* Calender+DiaryEnglish.swift in Sources */,
				3C1D638F2AED223D005869AC /* Diary+CoreDataClass.swift in Sources */,
				3C1D63932AED2FA8005869AC /* RequestDiaryData.swift in Sources */,
				3CCA920B2AD4016900E6CC28 /* Season.swift in Sources */,
				3C690ED42AE934CA00451294 /* Tab.swift in Sources */,
				3C690ECF2AE7DE3800451294 /* FooterView.swift in Sources */,
				3C9EA1F02AD807B8007AC1FD /* DotLineView.swift in Sources */,
				3C4BE8232B09B3BE00B484C9 /* DiarySaveAlertViewController.swift in Sources */,
				3CA1C21E2ADBFB7A00DEC693 /* String+DiaryEnglish.swift in Sources */,
				3CCA91C42AD18D2000E6CC28 /* SettingViewController.swift in Sources */,
				3C1D63892AECED13005869AC /* CoreDataRepository.swift in Sources */,
				3C9EA2312AD812B5007AC1FD /* HeaderView.swift in Sources */,
			);
			runOnlyForDeploymentPostprocessing = 0;
		};
		3CCA918C2AD18A6800E6CC28 /* Sources */ = {
			isa = PBXSourcesBuildPhase;
			buildActionMask = 2147483647;
			files = (
			);
			runOnlyForDeploymentPostprocessing = 0;
		};
		3CCA91962AD18A6800E6CC28 /* Sources */ = {
			isa = PBXSourcesBuildPhase;
			buildActionMask = 2147483647;
			files = (
			);
			runOnlyForDeploymentPostprocessing = 0;
		};
/* End PBXSourcesBuildPhase section */

/* Begin PBXTargetDependency section */
		3CCA91922AD18A6800E6CC28 /* PBXTargetDependency */ = {
			isa = PBXTargetDependency;
			target = 3CCA91792AD18A6600E6CC28 /* DiaryEnglish_iOS */;
			targetProxy = 3CCA91912AD18A6800E6CC28 /* PBXContainerItemProxy */;
		};
		3CCA919C2AD18A6800E6CC28 /* PBXTargetDependency */ = {
			isa = PBXTargetDependency;
			target = 3CCA91792AD18A6600E6CC28 /* DiaryEnglish_iOS */;
			targetProxy = 3CCA919B2AD18A6800E6CC28 /* PBXContainerItemProxy */;
		};
/* End PBXTargetDependency section */

/* Begin PBXVariantGroup section */
		3CCA91882AD18A6700E6CC28 /* LaunchScreen.storyboard */ = {
			isa = PBXVariantGroup;
			children = (
				3CCA91892AD18A6700E6CC28 /* Base */,
			);
			name = LaunchScreen.storyboard;
			sourceTree = "<group>";
		};
/* End PBXVariantGroup section */

/* Begin XCBuildConfiguration section */
		3CCA91A22AD18A6800E6CC28 /* Debug */ = {
			isa = XCBuildConfiguration;
			buildSettings = {
				ALWAYS_SEARCH_USER_PATHS = NO;
				ASSETCATALOG_COMPILER_GENERATE_SWIFT_ASSET_SYMBOL_EXTENSIONS = YES;
				CLANG_ANALYZER_NONNULL = YES;
				CLANG_ANALYZER_NUMBER_OBJECT_CONVERSION = YES_AGGRESSIVE;
				CLANG_CXX_LANGUAGE_STANDARD = "gnu++20";
				CLANG_ENABLE_MODULES = YES;
				CLANG_ENABLE_OBJC_ARC = YES;
				CLANG_ENABLE_OBJC_WEAK = YES;
				CLANG_WARN_BLOCK_CAPTURE_AUTORELEASING = YES;
				CLANG_WARN_BOOL_CONVERSION = YES;
				CLANG_WARN_COMMA = YES;
				CLANG_WARN_CONSTANT_CONVERSION = YES;
				CLANG_WARN_DEPRECATED_OBJC_IMPLEMENTATIONS = YES;
				CLANG_WARN_DIRECT_OBJC_ISA_USAGE = YES_ERROR;
				CLANG_WARN_DOCUMENTATION_COMMENTS = YES;
				CLANG_WARN_EMPTY_BODY = YES;
				CLANG_WARN_ENUM_CONVERSION = YES;
				CLANG_WARN_INFINITE_RECURSION = YES;
				CLANG_WARN_INT_CONVERSION = YES;
				CLANG_WARN_NON_LITERAL_NULL_CONVERSION = YES;
				CLANG_WARN_OBJC_IMPLICIT_RETAIN_SELF = YES;
				CLANG_WARN_OBJC_LITERAL_CONVERSION = YES;
				CLANG_WARN_OBJC_ROOT_CLASS = YES_ERROR;
				CLANG_WARN_QUOTED_INCLUDE_IN_FRAMEWORK_HEADER = YES;
				CLANG_WARN_RANGE_LOOP_ANALYSIS = YES;
				CLANG_WARN_STRICT_PROTOTYPES = YES;
				CLANG_WARN_SUSPICIOUS_MOVE = YES;
				CLANG_WARN_UNGUARDED_AVAILABILITY = YES_AGGRESSIVE;
				CLANG_WARN_UNREACHABLE_CODE = YES;
				CLANG_WARN__DUPLICATE_METHOD_MATCH = YES;
				COPY_PHASE_STRIP = NO;
				DEBUG_INFORMATION_FORMAT = dwarf;
				ENABLE_STRICT_OBJC_MSGSEND = YES;
				ENABLE_TESTABILITY = YES;
				ENABLE_USER_SCRIPT_SANDBOXING = YES;
				GCC_C_LANGUAGE_STANDARD = gnu17;
				GCC_DYNAMIC_NO_PIC = NO;
				GCC_NO_COMMON_BLOCKS = YES;
				GCC_OPTIMIZATION_LEVEL = 0;
				GCC_PREPROCESSOR_DEFINITIONS = (
					"DEBUG=1",
					"$(inherited)",
				);
				GCC_WARN_64_TO_32_BIT_CONVERSION = YES;
				GCC_WARN_ABOUT_RETURN_TYPE = YES_ERROR;
				GCC_WARN_UNDECLARED_SELECTOR = YES;
				GCC_WARN_UNINITIALIZED_AUTOS = YES_AGGRESSIVE;
				GCC_WARN_UNUSED_FUNCTION = YES;
				GCC_WARN_UNUSED_VARIABLE = YES;
				IPHONEOS_DEPLOYMENT_TARGET = 17.0;
				LOCALIZATION_PREFERS_STRING_CATALOGS = YES;
				MTL_ENABLE_DEBUG_INFO = INCLUDE_SOURCE;
				MTL_FAST_MATH = YES;
				ONLY_ACTIVE_ARCH = YES;
				SDKROOT = iphoneos;
				SWIFT_ACTIVE_COMPILATION_CONDITIONS = "DEBUG $(inherited)";
				SWIFT_OPTIMIZATION_LEVEL = "-Onone";
			};
			name = Debug;
		};
		3CCA91A32AD18A6800E6CC28 /* Release */ = {
			isa = XCBuildConfiguration;
			buildSettings = {
				ALWAYS_SEARCH_USER_PATHS = NO;
				ASSETCATALOG_COMPILER_GENERATE_SWIFT_ASSET_SYMBOL_EXTENSIONS = YES;
				CLANG_ANALYZER_NONNULL = YES;
				CLANG_ANALYZER_NUMBER_OBJECT_CONVERSION = YES_AGGRESSIVE;
				CLANG_CXX_LANGUAGE_STANDARD = "gnu++20";
				CLANG_ENABLE_MODULES = YES;
				CLANG_ENABLE_OBJC_ARC = YES;
				CLANG_ENABLE_OBJC_WEAK = YES;
				CLANG_WARN_BLOCK_CAPTURE_AUTORELEASING = YES;
				CLANG_WARN_BOOL_CONVERSION = YES;
				CLANG_WARN_COMMA = YES;
				CLANG_WARN_CONSTANT_CONVERSION = YES;
				CLANG_WARN_DEPRECATED_OBJC_IMPLEMENTATIONS = YES;
				CLANG_WARN_DIRECT_OBJC_ISA_USAGE = YES_ERROR;
				CLANG_WARN_DOCUMENTATION_COMMENTS = YES;
				CLANG_WARN_EMPTY_BODY = YES;
				CLANG_WARN_ENUM_CONVERSION = YES;
				CLANG_WARN_INFINITE_RECURSION = YES;
				CLANG_WARN_INT_CONVERSION = YES;
				CLANG_WARN_NON_LITERAL_NULL_CONVERSION = YES;
				CLANG_WARN_OBJC_IMPLICIT_RETAIN_SELF = YES;
				CLANG_WARN_OBJC_LITERAL_CONVERSION = YES;
				CLANG_WARN_OBJC_ROOT_CLASS = YES_ERROR;
				CLANG_WARN_QUOTED_INCLUDE_IN_FRAMEWORK_HEADER = YES;
				CLANG_WARN_RANGE_LOOP_ANALYSIS = YES;
				CLANG_WARN_STRICT_PROTOTYPES = YES;
				CLANG_WARN_SUSPICIOUS_MOVE = YES;
				CLANG_WARN_UNGUARDED_AVAILABILITY = YES_AGGRESSIVE;
				CLANG_WARN_UNREACHABLE_CODE = YES;
				CLANG_WARN__DUPLICATE_METHOD_MATCH = YES;
				COPY_PHASE_STRIP = NO;
				DEBUG_INFORMATION_FORMAT = "dwarf-with-dsym";
				ENABLE_NS_ASSERTIONS = NO;
				ENABLE_STRICT_OBJC_MSGSEND = YES;
				ENABLE_USER_SCRIPT_SANDBOXING = YES;
				GCC_C_LANGUAGE_STANDARD = gnu17;
				GCC_NO_COMMON_BLOCKS = YES;
				GCC_WARN_64_TO_32_BIT_CONVERSION = YES;
				GCC_WARN_ABOUT_RETURN_TYPE = YES_ERROR;
				GCC_WARN_UNDECLARED_SELECTOR = YES;
				GCC_WARN_UNINITIALIZED_AUTOS = YES_AGGRESSIVE;
				GCC_WARN_UNUSED_FUNCTION = YES;
				GCC_WARN_UNUSED_VARIABLE = YES;
				IPHONEOS_DEPLOYMENT_TARGET = 17.0;
				LOCALIZATION_PREFERS_STRING_CATALOGS = YES;
				MTL_ENABLE_DEBUG_INFO = NO;
				MTL_FAST_MATH = YES;
				SDKROOT = iphoneos;
				SWIFT_COMPILATION_MODE = wholemodule;
				VALIDATE_PRODUCT = YES;
			};
			name = Release;
		};
		3CCA91A52AD18A6800E6CC28 /* Debug */ = {
			isa = XCBuildConfiguration;
			buildSettings = {
				ASSETCATALOG_COMPILER_APPICON_NAME = AppIcon;
				ASSETCATALOG_COMPILER_GLOBAL_ACCENT_COLOR_NAME = AccentColor;
				CODE_SIGN_ENTITLEMENTS = DiaryEnglish_iOS/DiaryEnglish_iOS.entitlements;
				CODE_SIGN_IDENTITY = "Apple Development";
				"CODE_SIGN_IDENTITY[sdk=iphoneos*]" = "iPhone Developer";
				CODE_SIGN_STYLE = Manual;
				CURRENT_PROJECT_VERSION = 1;
				DEVELOPMENT_TEAM = "";
				"DEVELOPMENT_TEAM[sdk=iphoneos*]" = 5BR9PKVDZT;
				GENERATE_INFOPLIST_FILE = YES;
				INFOPLIST_FILE = DiaryEnglish_iOS/Info.plist;
				INFOPLIST_KEY_CFBundleDisplayName = "英語日記";
				INFOPLIST_KEY_UIApplicationSupportsIndirectInputEvents = YES;
				INFOPLIST_KEY_UILaunchStoryboardName = LaunchScreen;
				INFOPLIST_KEY_UIMainStoryboardFile = DiaryContainerViewController;
				INFOPLIST_KEY_UISupportedInterfaceOrientations_iPad = "UIInterfaceOrientationPortrait UIInterfaceOrientationPortraitUpsideDown UIInterfaceOrientationLandscapeLeft UIInterfaceOrientationLandscapeRight";
				INFOPLIST_KEY_UISupportedInterfaceOrientations_iPhone = "UIInterfaceOrientationPortrait UIInterfaceOrientationLandscapeLeft UIInterfaceOrientationLandscapeRight";
				IPHONEOS_DEPLOYMENT_TARGET = 15.0;
				LD_RUNPATH_SEARCH_PATHS = (
					"$(inherited)",
					"@executable_path/Frameworks",
				);
				MARKETING_VERSION = 1.0;
				PRODUCT_BUNDLE_IDENTIFIER = okue.DiaryEnglishApp;
				PRODUCT_NAME = "$(TARGET_NAME)";
				PROVISIONING_PROFILE_SPECIFIER = "";
				"PROVISIONING_PROFILE_SPECIFIER[sdk=iphoneos*]" = DiaryEnglish;
				SUPPORTED_PLATFORMS = "iphoneos iphonesimulator";
				SUPPORTS_MACCATALYST = NO;
				SUPPORTS_MAC_DESIGNED_FOR_IPHONE_IPAD = NO;
				SWIFT_EMIT_LOC_STRINGS = YES;
				SWIFT_VERSION = 5.0;
				TARGETED_DEVICE_FAMILY = 1;
			};
			name = Debug;
		};
		3CCA91A62AD18A6800E6CC28 /* Release */ = {
			isa = XCBuildConfiguration;
			buildSettings = {
				ASSETCATALOG_COMPILER_APPICON_NAME = AppIcon;
				ASSETCATALOG_COMPILER_GLOBAL_ACCENT_COLOR_NAME = AccentColor;
				CODE_SIGN_ENTITLEMENTS = DiaryEnglish_iOS/DiaryEnglish_iOS.entitlements;
				CODE_SIGN_IDENTITY = "Apple Development";
				"CODE_SIGN_IDENTITY[sdk=iphoneos*]" = "iPhone Developer";
				CODE_SIGN_STYLE = Manual;
				CURRENT_PROJECT_VERSION = 1;
				DEVELOPMENT_TEAM = "";
				"DEVELOPMENT_TEAM[sdk=iphoneos*]" = 5BR9PKVDZT;
				GENERATE_INFOPLIST_FILE = YES;
				INFOPLIST_FILE = DiaryEnglish_iOS/Info.plist;
				INFOPLIST_KEY_CFBundleDisplayName = "英語日記";
				INFOPLIST_KEY_UIApplicationSupportsIndirectInputEvents = YES;
				INFOPLIST_KEY_UILaunchStoryboardName = LaunchScreen;
				INFOPLIST_KEY_UIMainStoryboardFile = DiaryContainerViewController;
				INFOPLIST_KEY_UISupportedInterfaceOrientations_iPad = "UIInterfaceOrientationPortrait UIInterfaceOrientationPortraitUpsideDown UIInterfaceOrientationLandscapeLeft UIInterfaceOrientationLandscapeRight";
				INFOPLIST_KEY_UISupportedInterfaceOrientations_iPhone = "UIInterfaceOrientationPortrait UIInterfaceOrientationLandscapeLeft UIInterfaceOrientationLandscapeRight";
				IPHONEOS_DEPLOYMENT_TARGET = 15.0;
				LD_RUNPATH_SEARCH_PATHS = (
					"$(inherited)",
					"@executable_path/Frameworks",
				);
				MARKETING_VERSION = 1.0;
				PRODUCT_BUNDLE_IDENTIFIER = okue.DiaryEnglishApp;
				PRODUCT_NAME = "$(TARGET_NAME)";
				PROVISIONING_PROFILE_SPECIFIER = "";
				"PROVISIONING_PROFILE_SPECIFIER[sdk=iphoneos*]" = DiaryEnglish;
				SUPPORTED_PLATFORMS = "iphoneos iphonesimulator";
				SUPPORTS_MACCATALYST = NO;
				SUPPORTS_MAC_DESIGNED_FOR_IPHONE_IPAD = NO;
				SWIFT_EMIT_LOC_STRINGS = YES;
				SWIFT_VERSION = 5.0;
				TARGETED_DEVICE_FAMILY = 1;
			};
			name = Release;
		};
		3CCA91A82AD18A6800E6CC28 /* Debug */ = {
			isa = XCBuildConfiguration;
			buildSettings = {
				ALWAYS_EMBED_SWIFT_STANDARD_LIBRARIES = YES;
				BUNDLE_LOADER = "$(TEST_HOST)";
				CODE_SIGN_STYLE = Automatic;
				CURRENT_PROJECT_VERSION = 1;
				DEVELOPMENT_TEAM = 5BR9PKVDZT;
				GENERATE_INFOPLIST_FILE = YES;
				IPHONEOS_DEPLOYMENT_TARGET = 17.0;
				MARKETING_VERSION = 1.0;
				PRODUCT_BUNDLE_IDENTIFIER = "okue.DiaryEnglish-iOSTests";
				PRODUCT_NAME = "$(TARGET_NAME)";
				SWIFT_EMIT_LOC_STRINGS = NO;
				SWIFT_VERSION = 5.0;
				TARGETED_DEVICE_FAMILY = "1,2";
				TEST_HOST = "$(BUILT_PRODUCTS_DIR)/DiaryEnglish_iOS.app/$(BUNDLE_EXECUTABLE_FOLDER_PATH)/DiaryEnglish_iOS";
			};
			name = Debug;
		};
		3CCA91A92AD18A6800E6CC28 /* Release */ = {
			isa = XCBuildConfiguration;
			buildSettings = {
				ALWAYS_EMBED_SWIFT_STANDARD_LIBRARIES = YES;
				BUNDLE_LOADER = "$(TEST_HOST)";
				CODE_SIGN_STYLE = Automatic;
				CURRENT_PROJECT_VERSION = 1;
				DEVELOPMENT_TEAM = 5BR9PKVDZT;
				GENERATE_INFOPLIST_FILE = YES;
				IPHONEOS_DEPLOYMENT_TARGET = 17.0;
				MARKETING_VERSION = 1.0;
				PRODUCT_BUNDLE_IDENTIFIER = "okue.DiaryEnglish-iOSTests";
				PRODUCT_NAME = "$(TARGET_NAME)";
				SWIFT_EMIT_LOC_STRINGS = NO;
				SWIFT_VERSION = 5.0;
				TARGETED_DEVICE_FAMILY = "1,2";
				TEST_HOST = "$(BUILT_PRODUCTS_DIR)/DiaryEnglish_iOS.app/$(BUNDLE_EXECUTABLE_FOLDER_PATH)/DiaryEnglish_iOS";
			};
			name = Release;
		};
		3CCA91AB2AD18A6800E6CC28 /* Debug */ = {
			isa = XCBuildConfiguration;
			buildSettings = {
				ALWAYS_EMBED_SWIFT_STANDARD_LIBRARIES = YES;
				CODE_SIGN_STYLE = Automatic;
				CURRENT_PROJECT_VERSION = 1;
				DEVELOPMENT_TEAM = 5BR9PKVDZT;
				GENERATE_INFOPLIST_FILE = YES;
				MARKETING_VERSION = 1.0;
				PRODUCT_BUNDLE_IDENTIFIER = "okue.DiaryEnglish-iOSUITests";
				PRODUCT_NAME = "$(TARGET_NAME)";
				SWIFT_EMIT_LOC_STRINGS = NO;
				SWIFT_VERSION = 5.0;
				TARGETED_DEVICE_FAMILY = "1,2";
				TEST_TARGET_NAME = DiaryEnglish_iOS;
			};
			name = Debug;
		};
		3CCA91AC2AD18A6800E6CC28 /* Release */ = {
			isa = XCBuildConfiguration;
			buildSettings = {
				ALWAYS_EMBED_SWIFT_STANDARD_LIBRARIES = YES;
				CODE_SIGN_STYLE = Automatic;
				CURRENT_PROJECT_VERSION = 1;
				DEVELOPMENT_TEAM = 5BR9PKVDZT;
				GENERATE_INFOPLIST_FILE = YES;
				MARKETING_VERSION = 1.0;
				PRODUCT_BUNDLE_IDENTIFIER = "okue.DiaryEnglish-iOSUITests";
				PRODUCT_NAME = "$(TARGET_NAME)";
				SWIFT_EMIT_LOC_STRINGS = NO;
				SWIFT_VERSION = 5.0;
				TARGETED_DEVICE_FAMILY = "1,2";
				TEST_TARGET_NAME = DiaryEnglish_iOS;
			};
			name = Release;
		};
/* End XCBuildConfiguration section */

/* Begin XCConfigurationList section */
		3CCA91752AD18A6600E6CC28 /* Build configuration list for PBXProject "DiaryEnglish_iOS" */ = {
			isa = XCConfigurationList;
			buildConfigurations = (
				3CCA91A22AD18A6800E6CC28 /* Debug */,
				3CCA91A32AD18A6800E6CC28 /* Release */,
			);
			defaultConfigurationIsVisible = 0;
			defaultConfigurationName = Release;
		};
		3CCA91A42AD18A6800E6CC28 /* Build configuration list for PBXNativeTarget "DiaryEnglish_iOS" */ = {
			isa = XCConfigurationList;
			buildConfigurations = (
				3CCA91A52AD18A6800E6CC28 /* Debug */,
				3CCA91A62AD18A6800E6CC28 /* Release */,
			);
			defaultConfigurationIsVisible = 0;
			defaultConfigurationName = Release;
		};
		3CCA91A72AD18A6800E6CC28 /* Build configuration list for PBXNativeTarget "DiaryEnglish_iOSTests" */ = {
			isa = XCConfigurationList;
			buildConfigurations = (
				3CCA91A82AD18A6800E6CC28 /* Debug */,
				3CCA91A92AD18A6800E6CC28 /* Release */,
			);
			defaultConfigurationIsVisible = 0;
			defaultConfigurationName = Release;
		};
		3CCA91AA2AD18A6800E6CC28 /* Build configuration list for PBXNativeTarget "DiaryEnglish_iOSUITests" */ = {
			isa = XCConfigurationList;
			buildConfigurations = (
				3CCA91AB2AD18A6800E6CC28 /* Debug */,
				3CCA91AC2AD18A6800E6CC28 /* Release */,
			);
			defaultConfigurationIsVisible = 0;
			defaultConfigurationName = Release;
		};
/* End XCConfigurationList section */

/* Begin XCRemoteSwiftPackageReference section */
		3CB5A9852AE67A4A009616ED /* XCRemoteSwiftPackageReference "SwiftyDI" */ = {
			isa = XCRemoteSwiftPackageReference;
			repositoryURL = "https://github.com/assystems/SwiftyDI";
			requirement = {
				kind = upToNextMajorVersion;
				minimumVersion = 1.0.0;
			};
		};
		3CC390DC2AD56A54007897EB /* XCRemoteSwiftPackageReference "lottie-ios" */ = {
			isa = XCRemoteSwiftPackageReference;
			repositoryURL = "https://github.com/airbnb/lottie-ios";
			requirement = {
				kind = upToNextMajorVersion;
				minimumVersion = 4.3.3;
			};
		};
/* End XCRemoteSwiftPackageReference section */

/* Begin XCSwiftPackageProductDependency section */
		3CB5A9862AE67A4A009616ED /* SwiftyDI */ = {
			isa = XCSwiftPackageProductDependency;
			package = 3CB5A9852AE67A4A009616ED /* XCRemoteSwiftPackageReference "SwiftyDI" */;
			productName = SwiftyDI;
		};
		3CC390DD2AD56A54007897EB /* Lottie */ = {
			isa = XCSwiftPackageProductDependency;
			package = 3CC390DC2AD56A54007897EB /* XCRemoteSwiftPackageReference "lottie-ios" */;
			productName = Lottie;
		};
/* End XCSwiftPackageProductDependency section */

/* Begin XCVersionGroup section */
		3C1D63812AECEBB7005869AC /* Diary.xcdatamodeld */ = {
			isa = XCVersionGroup;
			children = (
				3C1D63822AECEBB7005869AC /* Diary.xcdatamodel */,
			);
			currentVersion = 3C1D63822AECEBB7005869AC /* Diary.xcdatamodel */;
			path = Diary.xcdatamodeld;
			sourceTree = "<group>";
			versionGroupType = wrapper.xcdatamodel;
		};
/* End XCVersionGroup section */
	};
	rootObject = 3CCA91722AD18A6600E6CC28 /* Project object */;
}
